
Microsoft Visual Studio Solution File, Format Version 12.00
# Visual Studio Version 17
VisualStudioVersion = 17.0.32014.148
MinimumVisualStudioVersion = 10.0.40219.1
Project("{9A19103F-16F7-4668-BE54-9A1E7A4F7556}") = "BlazorServer.Web", "BlazorServer.Web\BlazorServer.Web.csproj", "{1798D30F-BECC-42A1-BA5E-F0A0F649B241}"
EndProject
Project("{9A19103F-16F7-4668-BE54-9A1E7A4F7556}") = "BlazorServer.Api", "BlazorServer.Api\BlazorServer.Api.csproj", "{3C719A32-6308-46DB-99BB-7E49236E2939}"
EndProject
Project("{9A19103F-16F7-4668-BE54-9A1E7A4F7556}") = "BlazorServer.Core", "BlazorServer.Core\BlazorServer.Core.csproj", "{4933B787-2900-461B-965B-AD0612053340}"
EndProject
Global
	GlobalSection(SolutionConfigurationPlatforms) = preSolution
		Debug|Any CPU = Debug|Any CPU
		Release|Any CPU = Release|Any CPU
	EndGlobalSection
	GlobalSection(ProjectConfigurationPlatforms) = postSolution
		{1798D30F-BECC-42A1-BA5E-F0A0F649B241}.Debug|Any CPU.ActiveCfg = Debug|Any CPU
		{1798D30F-BECC-42A1-BA5E-F0A0F649B241}.Debug|Any CPU.Build.0 = Debug|Any CPU
		{1798D30F-BECC-42A1-BA5E-F0A0F649B241}.Release|Any CPU.ActiveCfg = Release|Any CPU
		{1798D30F-BECC-42A1-BA5E-F0A0F649B241}.Release|Any CPU.Build.0 = Release|Any CPU
		{3C719A32-6308-46DB-99BB-7E49236E2939}.Debug|Any CPU.ActiveCfg = Debug|Any CPU
		{3C719A32-6308-46DB-99BB-7E49236E2939}.Debug|Any CPU.Build.0 = Debug|Any CPU
		{3C719A32-6308-46DB-99BB-7E49236E2939}.Release|Any CPU.ActiveCfg = Release|Any CPU
		{3C719A32-6308-46DB-99BB-7E49236E2939}.Release|Any CPU.Build.0 = Release|Any CPU
		{4933B787-2900-461B-965B-AD0612053340}.Debug|Any CPU.ActiveCfg = Debug|Any CPU
		{4933B787-2900-461B-965B-AD0612053340}.Debug|Any CPU.Build.0 = Debug|Any CPU
		{4933B787-2900-461B-965B-AD0612053340}.Release|Any CPU.ActiveCfg = Release|Any CPU
		{4933B787-2900-461B-965B-AD0612053340}.Release|Any CPU.Build.0 = Release|Any CPU
	EndGlobalSection
	GlobalSection(SolutionProperties) = preSolution
		HideSolutionNode = FALSE
	EndGlobalSection
	GlobalSection(ExtensibilityGlobals) = postSolution
		SolutionGuid = {D384BFAB-078C-4FB1-B868-28E66C0DC9B5}
	EndGlobalSection
EndGlobal
